
Microsoft Visual Studio Solution File, Format Version 12.00
# Visual Studio Version 17
VisualStudioVersion = 17.8.34316.72
MinimumVisualStudioVersion = 10.0.40219.1
Project("{FAE04EC0-301F-11D3-BF4B-00C04F79EFBC}") = "Password.Api", "Password.Api\Password.Api.csproj", "{C7CB27C8-6D76-4510-89CD-103B2C56F2B5}"
EndProject
Global
	GlobalSection(SolutionConfigurationPlatforms) = preSolution
		Debug|Any CPU = Debug|Any CPU
		Release|Any CPU = Release|Any CPU
	EndGlobalSection
	GlobalSection(ProjectConfigurationPlatforms) = postSolution
		{C7CB27C8-6D76-4510-89CD-103B2C56F2B5}.Debug|Any CPU.ActiveCfg = Debug|Any CPU
		{C7CB27C8-6D76-4510-89CD-103B2C56F2B5}.Debug|Any CPU.Build.0 = Debug|Any CPU
		{C7CB27C8-6D76-4510-89CD-103B2C56F2B5}.Release|Any CPU.ActiveCfg = Release|Any CPU
		{C7CB27C8-6D76-4510-89CD-103B2C56F2B5}.Release|Any CPU.Build.0 = Release|Any CPU
	EndGlobalSection
	GlobalSection(SolutionProperties) = preSolution
		HideSolutionNode = FALSE
	EndGlobalSection
	GlobalSection(ExtensibilityGlobals) = postSolution
		SolutionGuid = {F8326B68-8E11-40E4-BEA6-CE12285C0BC5}
	EndGlobalSection
EndGlobal
